
Microsoft Visual Studio Solution File, Format Version 12.00
# Visual Studio Version 17
VisualStudioVersion = 17.3.32929.385
MinimumVisualStudioVersion = 10.0.40219.1
Project("{FAE04EC0-301F-11D3-BF4B-00C04F79EFBC}") = "WalkApp", "ConsoleApp4\WalkApp.csproj", "{F7E41A0C-244E-4435-9A8D-54D41D14D062}"
EndProject
Global
	GlobalSection(SolutionConfigurationPlatforms) = preSolution
		Debug|Any CPU = Debug|Any CPU
		Release|Any CPU = Release|Any CPU
	EndGlobalSection
	GlobalSection(ProjectConfigurationPlatforms) = postSolution
		{F7E41A0C-244E-4435-9A8D-54D41D14D062}.Debug|Any CPU.ActiveCfg = Debug|Any CPU
		{F7E41A0C-244E-4435-9A8D-54D41D14D062}.Debug|Any CPU.Build.0 = Debug|Any CPU
		{F7E41A0C-244E-4435-9A8D-54D41D14D062}.Release|Any CPU.ActiveCfg = Release|Any CPU
		{F7E41A0C-244E-4435-9A8D-54D41D14D062}.Release|Any CPU.Build.0 = Release|Any CPU
	EndGlobalSection
	GlobalSection(SolutionProperties) = preSolution
		HideSolutionNode = FALSE
	EndGlobalSection
	GlobalSection(ExtensibilityGlobals) = postSolution
		SolutionGuid = {89E5273D-1798-4575-BEFD-9BF076BAB1FA}
	EndGlobalSection
EndGlobal
